
Microsoft Visual Studio Solution File, Format Version 12.00
# Visual Studio Version 16
VisualStudioVersion = 16.0.29920.165
MinimumVisualStudioVersion = 10.0.40219.1
Project("{F2A71F9B-5D33-465A-A702-920D77279786}") = "QuickBuy.Dominio", "QuickBuy.Dominio\QuickBuy.Dominio.fsproj", "{979F8D1F-F6B5-4876-B2FD-F460FC24E370}"
EndProject
Project("{F2A71F9B-5D33-465A-A702-920D77279786}") = "QuickBuy.Repositorio", "QuickBuy.Repositorio\QuickBuy.Repositorio.fsproj", "{7DEBDB7E-7E28-4503-A641-0558C6604AC0}"
EndProject
Project("{FAE04EC0-301F-11D3-BF4B-00C04F79EFBC}") = "QuickBuy.Web", "QuickBuy.Web\QuickBuy.Web.csproj", "{1D518C12-EB22-46E6-8450-6ED17319CCD3}"
EndProject
Global
	GlobalSection(SolutionConfigurationPlatforms) = preSolution
		Debug|Any CPU = Debug|Any CPU
		Release|Any CPU = Release|Any CPU
	EndGlobalSection
	GlobalSection(ProjectConfigurationPlatforms) = postSolution
		{979F8D1F-F6B5-4876-B2FD-F460FC24E370}.Debug|Any CPU.ActiveCfg = Debug|Any CPU
		{979F8D1F-F6B5-4876-B2FD-F460FC24E370}.Debug|Any CPU.Build.0 = Debug|Any CPU
		{979F8D1F-F6B5-4876-B2FD-F460FC24E370}.Release|Any CPU.ActiveCfg = Release|Any CPU
		{979F8D1F-F6B5-4876-B2FD-F460FC24E370}.Release|Any CPU.Build.0 = Release|Any CPU
		{7DEBDB7E-7E28-4503-A641-0558C6604AC0}.Debug|Any CPU.ActiveCfg = Debug|Any CPU
		{7DEBDB7E-7E28-4503-A641-0558C6604AC0}.Debug|Any CPU.Build.0 = Debug|Any CPU
		{7DEBDB7E-7E28-4503-A641-0558C6604AC0}.Release|Any CPU.ActiveCfg = Release|Any CPU
		{7DEBDB7E-7E28-4503-A641-0558C6604AC0}.Release|Any CPU.Build.0 = Release|Any CPU
		{1D518C12-EB22-46E6-8450-6ED17319CCD3}.Debug|Any CPU.ActiveCfg = Debug|Any CPU
		{1D518C12-EB22-46E6-8450-6ED17319CCD3}.Debug|Any CPU.Build.0 = Debug|Any CPU
		{1D518C12-EB22-46E6-8450-6ED17319CCD3}.Release|Any CPU.ActiveCfg = Release|Any CPU
		{1D518C12-EB22-46E6-8450-6ED17319CCD3}.Release|Any CPU.Build.0 = Release|Any CPU
	EndGlobalSection
	GlobalSection(SolutionProperties) = preSolution
		HideSolutionNode = FALSE
	EndGlobalSection
	GlobalSection(ExtensibilityGlobals) = postSolution
		SolutionGuid = {96BEB206-07A0-462B-AE92-23C00525DC20}
	EndGlobalSection
EndGlobal
